// !$*UTF8*$!
{
	archiveVersion = 1;
	classes = {
	};
	objectVersion = 46;
	objects = {

/* Begin PBXBuildFile section */
		F752AA381A4A17CB000D9BA5 /* AppDelegate.swift in Sources */ = {isa = PBXBuildFile; fileRef = F752AA371A4A17CB000D9BA5 /* AppDelegate.swift */; };
		F752AA3A1A4A17CB000D9BA5 /* MasterViewController.swift in Sources */ = {isa = PBXBuildFile; fileRef = F752AA391A4A17CB000D9BA5 /* MasterViewController.swift */; };
		F752AA3C1A4A17CB000D9BA5 /* DetailViewController.swift in Sources */ = {isa = PBXBuildFile; fileRef = F752AA3B1A4A17CB000D9BA5 /* DetailViewController.swift */; };
		F752AA3F1A4A17CB000D9BA5 /* Main.storyboard in Resources */ = {isa = PBXBuildFile; fileRef = F752AA3D1A4A17CB000D9BA5 /* Main.storyboard */; };
		F752AA411A4A17CB000D9BA5 /* Images.xcassets in Resources */ = {isa = PBXBuildFile; fileRef = F752AA401A4A17CB000D9BA5 /* Images.xcassets */; };
		F752AA441A4A17CB000D9BA5 /* LaunchScreen.xib in Resources */ = {isa = PBXBuildFile; fileRef = F752AA421A4A17CB000D9BA5 /* LaunchScreen.xib */; };
		F752AA501A4A17CB000D9BA5 /* superPongStatsTests.swift in Sources */ = {isa = PBXBuildFile; fileRef = F752AA4F1A4A17CB000D9BA5 /* superPongStatsTests.swift */; };
		F7538C3D1A57BE14004073D6 /* Reachability.swift in Sources */ = {isa = PBXBuildFile; fileRef = F7538C3C1A57BE14004073D6 /* Reachability.swift */; };
		F7538C3F1A59E2CA004073D6 /* Async.swift in Sources */ = {isa = PBXBuildFile; fileRef = F7538C3E1A59E2CA004073D6 /* Async.swift */; };
		F7538C411A5BA1B8004073D6 /* JSONer.swift in Sources */ = {isa = PBXBuildFile; fileRef = F7538C401A5BA1B8004073D6 /* JSONer.swift */; };
		F7538C441A5BA87C004073D6 /* serializable.swift in Sources */ = {isa = PBXBuildFile; fileRef = F7538C431A5BA87C004073D6 /* serializable.swift */; };
		F7538C531A5C7893004073D6 /* Alamofire.framework in Copy Frameworks */ = {isa = PBXBuildFile; fileRef = F7538C4D1A5C747C004073D6 /* Alamofire.framework */; settings = {ATTRIBUTES = (CodeSignOnCopy, RemoveHeadersOnCopy, ); }; };
		F76994B81A5499A40023B21E /* GameModel.swift in Sources */ = {isa = PBXBuildFile; fileRef = F76994B71A5499A40023B21E /* GameModel.swift */; };
		F78FC7451A50AC99001A3564 /* DataManger.swift in Sources */ = {isa = PBXBuildFile; fileRef = F78FC73B1A50AC99001A3564 /* DataManger.swift */; };
		F78FC7461A50AC99001A3564 /* GameViewController.swift in Sources */ = {isa = PBXBuildFile; fileRef = F78FC73C1A50AC99001A3564 /* GameViewController.swift */; };
		F78FC7471A50AC99001A3564 /* PlayerDetailViewController.swift in Sources */ = {isa = PBXBuildFile; fileRef = F78FC73D1A50AC99001A3564 /* PlayerDetailViewController.swift */; };
		F78FC7481A50AC99001A3564 /* PlayerModel.swift in Sources */ = {isa = PBXBuildFile; fileRef = F78FC73E1A50AC99001A3564 /* PlayerModel.swift */; };
		F78FC7491A50AC99001A3564 /* Players.json in Resources */ = {isa = PBXBuildFile; fileRef = F78FC73F1A50AC99001A3564 /* Players.json */; };
		F78FC74B1A50AC99001A3564 /* PlayerTableViewController.swift in Sources */ = {isa = PBXBuildFile; fileRef = F78FC7411A50AC99001A3564 /* PlayerTableViewController.swift */; };
		F78FC74C1A50AC99001A3564 /* superPong.png in Resources */ = {isa = PBXBuildFile; fileRef = F78FC7421A50AC99001A3564 /* superPong.png */; };
		F78FC74D1A50AC99001A3564 /* SwiftyJSON.swift in Sources */ = {isa = PBXBuildFile; fileRef = F78FC7431A50AC99001A3564 /* SwiftyJSON.swift */; };
		F78FC74E1A50AC99001A3564 /* TableViewCell.swift in Sources */ = {isa = PBXBuildFile; fileRef = F78FC7441A50AC99001A3564 /* TableViewCell.swift */; };
		F7998D4D1A60DDA900AA0FFC /* PlayerGameViewController.swift in Sources */ = {isa = PBXBuildFile; fileRef = F7998D4C1A60DDA900AA0FFC /* PlayerGameViewController.swift */; };
		F7998D501A60E0C300AA0FFC /* PlayerGameModel.swift in Sources */ = {isa = PBXBuildFile; fileRef = F7998D4F1A60E0C300AA0FFC /* PlayerGameModel.swift */; };
		F7F066701A50BB1A00782E61 /* GamePlayersAPI.swift in Sources */ = {isa = PBXBuildFile; fileRef = F7F0666F1A50BB1A00782E61 /* GamePlayersAPI.swift */; };
/* End PBXBuildFile section */

/* Begin PBXContainerItemProxy section */
		F752AA4A1A4A17CB000D9BA5 /* PBXContainerItemProxy */ = {
			isa = PBXContainerItemProxy;
			containerPortal = F752AA2A1A4A17CB000D9BA5 /* Project object */;
			proxyType = 1;
			remoteGlobalIDString = F752AA311A4A17CB000D9BA5;
			remoteInfo = superPongStats;
		};
		F7538C4C1A5C747C004073D6 /* PBXContainerItemProxy */ = {
			isa = PBXContainerItemProxy;
			containerPortal = F7538C471A5C747B004073D6 /* Alamofire.xcodeproj */;
			proxyType = 2;
			remoteGlobalIDString = F8111E3319A95C8B0040E7D1;
			remoteInfo = Alamofire;
		};
		F7538C4E1A5C747C004073D6 /* PBXContainerItemProxy */ = {
			isa = PBXContainerItemProxy;
			containerPortal = F7538C471A5C747B004073D6 /* Alamofire.xcodeproj */;
			proxyType = 2;
			remoteGlobalIDString = F8111E3E19A95C8B0040E7D1;
			remoteInfo = AlamofireTests;
		};
		F7538C501A5C7851004073D6 /* PBXContainerItemProxy */ = {
			isa = PBXContainerItemProxy;
			containerPortal = F7538C471A5C747B004073D6 /* Alamofire.xcodeproj */;
			proxyType = 1;
			remoteGlobalIDString = F8111E3219A95C8B0040E7D1;
			remoteInfo = Alamofire;
		};
/* End PBXContainerItemProxy section */

/* Begin PBXCopyFilesBuildPhase section */
		F7538C521A5C786E004073D6 /* Copy Frameworks */ = {
			isa = PBXCopyFilesBuildPhase;
			buildActionMask = 2147483647;
			dstPath = "";
			dstSubfolderSpec = 10;
			files = (
				F7538C531A5C7893004073D6 /* Alamofire.framework in Copy Frameworks */,
			);
			name = "Copy Frameworks";
			runOnlyForDeploymentPostprocessing = 0;
		};
/* End PBXCopyFilesBuildPhase section */

/* Begin PBXFileReference section */
		F752AA321A4A17CB000D9BA5 /* superPongStats.app */ = {isa = PBXFileReference; explicitFileType = wrapper.application; includeInIndex = 0; path = superPongStats.app; sourceTree = BUILT_PRODUCTS_DIR; };
		F752AA361A4A17CB000D9BA5 /* Info.plist */ = {isa = PBXFileReference; lastKnownFileType = text.plist.xml; path = Info.plist; sourceTree = "<group>"; };
		F752AA371A4A17CB000D9BA5 /* AppDelegate.swift */ = {isa = PBXFileReference; lastKnownFileType = sourcecode.swift; path = AppDelegate.swift; sourceTree = "<group>"; };
		F752AA391A4A17CB000D9BA5 /* MasterViewController.swift */ = {isa = PBXFileReference; lastKnownFileType = sourcecode.swift; path = MasterViewController.swift; sourceTree = "<group>"; };
		F752AA3B1A4A17CB000D9BA5 /* DetailViewController.swift */ = {isa = PBXFileReference; lastKnownFileType = sourcecode.swift; path = DetailViewController.swift; sourceTree = "<group>"; };
		F752AA3E1A4A17CB000D9BA5 /* Base */ = {isa = PBXFileReference; lastKnownFileType = file.storyboard; name = Base; path = Base.lproj/Main.storyboard; sourceTree = "<group>"; };
		F752AA401A4A17CB000D9BA5 /* Images.xcassets */ = {isa = PBXFileReference; lastKnownFileType = folder.assetcatalog; path = Images.xcassets; sourceTree = "<group>"; };
		F752AA431A4A17CB000D9BA5 /* Base */ = {isa = PBXFileReference; lastKnownFileType = file.xib; name = Base; path = Base.lproj/LaunchScreen.xib; sourceTree = "<group>"; };
		F752AA491A4A17CB000D9BA5 /* superPongStatsTests.xctest */ = {isa = PBXFileReference; explicitFileType = wrapper.cfbundle; includeInIndex = 0; path = superPongStatsTests.xctest; sourceTree = BUILT_PRODUCTS_DIR; };
		F752AA4E1A4A17CB000D9BA5 /* Info.plist */ = {isa = PBXFileReference; lastKnownFileType = text.plist.xml; path = Info.plist; sourceTree = "<group>"; };
		F752AA4F1A4A17CB000D9BA5 /* superPongStatsTests.swift */ = {isa = PBXFileReference; lastKnownFileType = sourcecode.swift; path = superPongStatsTests.swift; sourceTree = "<group>"; };
		F7538C3C1A57BE14004073D6 /* Reachability.swift */ = {isa = PBXFileReference; fileEncoding = 4; lastKnownFileType = sourcecode.swift; path = Reachability.swift; sourceTree = "<group>"; };
		F7538C3E1A59E2CA004073D6 /* Async.swift */ = {isa = PBXFileReference; fileEncoding = 4; lastKnownFileType = sourcecode.swift; path = Async.swift; sourceTree = "<group>"; };
		F7538C401A5BA1B8004073D6 /* JSONer.swift */ = {isa = PBXFileReference; fileEncoding = 4; lastKnownFileType = sourcecode.swift; path = JSONer.swift; sourceTree = "<group>"; };
		F7538C431A5BA87C004073D6 /* serializable.swift */ = {isa = PBXFileReference; fileEncoding = 4; lastKnownFileType = sourcecode.swift; path = serializable.swift; sourceTree = "<group>"; };
		F7538C471A5C747B004073D6 /* Alamofire.xcodeproj */ = {isa = PBXFileReference; lastKnownFileType = "wrapper.pb-project"; name = Alamofire.xcodeproj; path = Alamofire/Alamofire.xcodeproj; sourceTree = "<group>"; };
		F76994B71A5499A40023B21E /* GameModel.swift */ = {isa = PBXFileReference; fileEncoding = 4; lastKnownFileType = sourcecode.swift; path = GameModel.swift; sourceTree = "<group>"; };
		F78FC73B1A50AC99001A3564 /* DataManger.swift */ = {isa = PBXFileReference; fileEncoding = 4; lastKnownFileType = sourcecode.swift; path = DataManger.swift; sourceTree = "<group>"; };
		F78FC73C1A50AC99001A3564 /* GameViewController.swift */ = {isa = PBXFileReference; fileEncoding = 4; lastKnownFileType = sourcecode.swift; path = GameViewController.swift; sourceTree = "<group>"; };
		F78FC73D1A50AC99001A3564 /* PlayerDetailViewController.swift */ = {isa = PBXFileReference; fileEncoding = 4; lastKnownFileType = sourcecode.swift; path = PlayerDetailViewController.swift; sourceTree = "<group>"; };
		F78FC73E1A50AC99001A3564 /* PlayerModel.swift */ = {isa = PBXFileReference; fileEncoding = 4; lastKnownFileType = sourcecode.swift; path = PlayerModel.swift; sourceTree = "<group>"; };
		F78FC73F1A50AC99001A3564 /* Players.json */ = {isa = PBXFileReference; fileEncoding = 4; lastKnownFileType = text.json; path = Players.json; sourceTree = "<group>"; };
		F78FC7411A50AC99001A3564 /* PlayerTableViewController.swift */ = {isa = PBXFileReference; fileEncoding = 4; lastKnownFileType = sourcecode.swift; path = PlayerTableViewController.swift; sourceTree = "<group>"; };
		F78FC7421A50AC99001A3564 /* superPong.png */ = {isa = PBXFileReference; lastKnownFileType = image.png; path = superPong.png; sourceTree = "<group>"; };
		F78FC7431A50AC99001A3564 /* SwiftyJSON.swift */ = {isa = PBXFileReference; fileEncoding = 4; lastKnownFileType = sourcecode.swift; path = SwiftyJSON.swift; sourceTree = "<group>"; };
		F78FC7441A50AC99001A3564 /* TableViewCell.swift */ = {isa = PBXFileReference; fileEncoding = 4; lastKnownFileType = sourcecode.swift; path = TableViewCell.swift; sourceTree = "<group>"; };
		F7998D4C1A60DDA900AA0FFC /* PlayerGameViewController.swift */ = {isa = PBXFileReference; fileEncoding = 4; lastKnownFileType = sourcecode.swift; path = PlayerGameViewController.swift; sourceTree = "<group>"; };
		F7998D4F1A60E0C300AA0FFC /* PlayerGameModel.swift */ = {isa = PBXFileReference; fileEncoding = 4; lastKnownFileType = sourcecode.swift; path = PlayerGameModel.swift; sourceTree = "<group>"; };
		F7F0666F1A50BB1A00782E61 /* GamePlayersAPI.swift */ = {isa = PBXFileReference; fileEncoding = 4; lastKnownFileType = sourcecode.swift; path = GamePlayersAPI.swift; sourceTree = "<group>"; };
/* End PBXFileReference section */

/* Begin PBXFrameworksBuildPhase section */
		F752AA2F1A4A17CB000D9BA5 /* Frameworks */ = {
			isa = PBXFrameworksBuildPhase;
			buildActionMask = 2147483647;
			files = (
			);
			runOnlyForDeploymentPostprocessing = 0;
		};
		F752AA461A4A17CB000D9BA5 /* Frameworks */ = {
			isa = PBXFrameworksBuildPhase;
			buildActionMask = 2147483647;
			files = (
			);
			runOnlyForDeploymentPostprocessing = 0;
		};
/* End PBXFrameworksBuildPhase section */

/* Begin PBXGroup section */
		F752AA291A4A17CB000D9BA5 = {
			isa = PBXGroup;
			children = (
				F7538C471A5C747B004073D6 /* Alamofire.xcodeproj */,
				F752AA341A4A17CB000D9BA5 /* superPongStats */,
				F752AA4C1A4A17CB000D9BA5 /* superPongStatsTests */,
				F752AA331A4A17CB000D9BA5 /* Products */,
			);
			sourceTree = "<group>";
		};
		F752AA331A4A17CB000D9BA5 /* Products */ = {
			isa = PBXGroup;
			children = (
				F752AA321A4A17CB000D9BA5 /* superPongStats.app */,
				F752AA491A4A17CB000D9BA5 /* superPongStatsTests.xctest */,
			);
			name = Products;
			sourceTree = "<group>";
		};
		F752AA341A4A17CB000D9BA5 /* superPongStats */ = {
			isa = PBXGroup;
			children = (
				F7E5159C1A51303C0012762C /* Controllers */,
				F7E5159E1A5130920012762C /* Helpers */,
				F7E5159D1A51306F0012762C /* Model */,
				F7F0666E1A50BAA100782E61 /* API */,
				F78FC7421A50AC99001A3564 /* superPong.png */,
				F752AA371A4A17CB000D9BA5 /* AppDelegate.swift */,
				F752AA3D1A4A17CB000D9BA5 /* Main.storyboard */,
				F752AA401A4A17CB000D9BA5 /* Images.xcassets */,
				F752AA421A4A17CB000D9BA5 /* LaunchScreen.xib */,
				F752AA351A4A17CB000D9BA5 /* Supporting Files */,
			);
			path = superPongStats;
			sourceTree = "<group>";
		};
		F752AA351A4A17CB000D9BA5 /* Supporting Files */ = {
			isa = PBXGroup;
			children = (
				F752AA361A4A17CB000D9BA5 /* Info.plist */,
			);
			name = "Supporting Files";
			sourceTree = "<group>";
		};
		F752AA4C1A4A17CB000D9BA5 /* superPongStatsTests */ = {
			isa = PBXGroup;
			children = (
				F752AA4F1A4A17CB000D9BA5 /* superPongStatsTests.swift */,
				F752AA4D1A4A17CB000D9BA5 /* Supporting Files */,
			);
			path = superPongStatsTests;
			sourceTree = "<group>";
		};
		F752AA4D1A4A17CB000D9BA5 /* Supporting Files */ = {
			isa = PBXGroup;
			children = (
				F752AA4E1A4A17CB000D9BA5 /* Info.plist */,
			);
			name = "Supporting Files";
			sourceTree = "<group>";
		};
		F7538C421A5BA862004073D6 /* JSON */ = {
			isa = PBXGroup;
			children = (
				F78FC7431A50AC99001A3564 /* SwiftyJSON.swift */,
				F7538C401A5BA1B8004073D6 /* JSONer.swift */,
				F7538C431A5BA87C004073D6 /* serializable.swift */,
			);
			name = JSON;
			sourceTree = "<group>";
		};
		F7538C481A5C747B004073D6 /* Products */ = {
			isa = PBXGroup;
			children = (
				F7538C4D1A5C747C004073D6 /* Alamofire.framework */,
				F7538C4F1A5C747C004073D6 /* AlamofireTests.xctest */,
			);
			name = Products;
			sourceTree = "<group>";
		};
		F7E5159C1A51303C0012762C /* Controllers */ = {
			isa = PBXGroup;
			children = (
				F752AA3B1A4A17CB000D9BA5 /* DetailViewController.swift */,
				F752AA391A4A17CB000D9BA5 /* MasterViewController.swift */,
				F78FC7411A50AC99001A3564 /* PlayerTableViewController.swift */,
				F78FC73D1A50AC99001A3564 /* PlayerDetailViewController.swift */,
				F78FC73C1A50AC99001A3564 /* GameViewController.swift */,
				F7998D4C1A60DDA900AA0FFC /* PlayerGameViewController.swift */,
			);
			name = Controllers;
			sourceTree = "<group>";
		};
		F7E5159D1A51306F0012762C /* Model */ = {
			isa = PBXGroup;
			children = (
				F78FC73E1A50AC99001A3564 /* PlayerModel.swift */,
				F76994B71A5499A40023B21E /* GameModel.swift */,
				F7998D4F1A60E0C300AA0FFC /* PlayerGameModel.swift */,
			);
			name = Model;
			sourceTree = "<group>";
		};
		F7E5159E1A5130920012762C /* Helpers */ = {
			isa = PBXGroup;
			children = (
				F7538C3E1A59E2CA004073D6 /* Async.swift */,
				F78FC7441A50AC99001A3564 /* TableViewCell.swift */,
				F7538C421A5BA862004073D6 /* JSON */,
				F7538C3C1A57BE14004073D6 /* Reachability.swift */,
			);
			name = Helpers;
			sourceTree = "<group>";
		};
		F7F0666E1A50BAA100782E61 /* API */ = {
			isa = PBXGroup;
			children = (
				F78FC73B1A50AC99001A3564 /* DataManger.swift */,
				F78FC73F1A50AC99001A3564 /* Players.json */,
				F7F0666F1A50BB1A00782E61 /* GamePlayersAPI.swift */,
			);
			name = API;
			sourceTree = "<group>";
		};
/* End PBXGroup section */

/* Begin PBXNativeTarget section */
		F752AA311A4A17CB000D9BA5 /* superPongStats */ = {
			isa = PBXNativeTarget;
			buildConfigurationList = F752AA531A4A17CB000D9BA5 /* Build configuration list for PBXNativeTarget "superPongStats" */;
			buildPhases = (
				F752AA2E1A4A17CB000D9BA5 /* Sources */,
				F752AA2F1A4A17CB000D9BA5 /* Frameworks */,
				F752AA301A4A17CB000D9BA5 /* Resources */,
				F7538C521A5C786E004073D6 /* Copy Frameworks */,
			);
			buildRules = (
			);
			dependencies = (
				F7538C511A5C7851004073D6 /* PBXTargetDependency */,
			);
			name = superPongStats;
			productName = superPongStats;
			productReference = F752AA321A4A17CB000D9BA5 /* superPongStats.app */;
			productType = "com.apple.product-type.application";
		};
		F752AA481A4A17CB000D9BA5 /* superPongStatsTests */ = {
			isa = PBXNativeTarget;
			buildConfigurationList = F752AA561A4A17CB000D9BA5 /* Build configuration list for PBXNativeTarget "superPongStatsTests" */;
			buildPhases = (
				F752AA451A4A17CB000D9BA5 /* Sources */,
				F752AA461A4A17CB000D9BA5 /* Frameworks */,
				F752AA471A4A17CB000D9BA5 /* Resources */,
			);
			buildRules = (
			);
			dependencies = (
				F752AA4B1A4A17CB000D9BA5 /* PBXTargetDependency */,
			);
			name = superPongStatsTests;
			productName = superPongStatsTests;
			productReference = F752AA491A4A17CB000D9BA5 /* superPongStatsTests.xctest */;
			productType = "com.apple.product-type.bundle.unit-test";
		};
/* End PBXNativeTarget section */

/* Begin PBXProject section */
		F752AA2A1A4A17CB000D9BA5 /* Project object */ = {
			isa = PBXProject;
			attributes = {
				LastUpgradeCheck = 0610;
				ORGANIZATIONNAME = OnePixelOff;
				TargetAttributes = {
					F752AA311A4A17CB000D9BA5 = {
						CreatedOnToolsVersion = 6.1.1;
						DevelopmentTeam = T95742DZ56;
					};
					F752AA481A4A17CB000D9BA5 = {
						CreatedOnToolsVersion = 6.1.1;
						TestTargetID = F752AA311A4A17CB000D9BA5;
					};
				};
			};
			buildConfigurationList = F752AA2D1A4A17CB000D9BA5 /* Build configuration list for PBXProject "superPongStats" */;
			compatibilityVersion = "Xcode 3.2";
			developmentRegion = English;
			hasScannedForEncodings = 0;
			knownRegions = (
				en,
				Base,
			);
			mainGroup = F752AA291A4A17CB000D9BA5;
			productRefGroup = F752AA331A4A17CB000D9BA5 /* Products */;
			projectDirPath = "";
			projectReferences = (
				{
					ProductGroup = F7538C481A5C747B004073D6 /* Products */;
					ProjectRef = F7538C471A5C747B004073D6 /* Alamofire.xcodeproj */;
				},
			);
			projectRoot = "";
			targets = (
				F752AA311A4A17CB000D9BA5 /* superPongStats */,
				F752AA481A4A17CB000D9BA5 /* superPongStatsTests */,
			);
		};
/* End PBXProject section */

/* Begin PBXReferenceProxy section */
		F7538C4D1A5C747C004073D6 /* Alamofire.framework */ = {
			isa = PBXReferenceProxy;
			fileType = wrapper.framework;
			path = Alamofire.framework;
			remoteRef = F7538C4C1A5C747C004073D6 /* PBXContainerItemProxy */;
			sourceTree = BUILT_PRODUCTS_DIR;
		};
		F7538C4F1A5C747C004073D6 /* AlamofireTests.xctest */ = {
			isa = PBXReferenceProxy;
			fileType = wrapper.cfbundle;
			path = AlamofireTests.xctest;
			remoteRef = F7538C4E1A5C747C004073D6 /* PBXContainerItemProxy */;
			sourceTree = BUILT_PRODUCTS_DIR;
		};
/* End PBXReferenceProxy section */

/* Begin PBXResourcesBuildPhase section */
		F752AA301A4A17CB000D9BA5 /* Resources */ = {
			isa = PBXResourcesBuildPhase;
			buildActionMask = 2147483647;
			files = (
				F78FC7491A50AC99001A3564 /* Players.json in Resources */,
				F752AA3F1A4A17CB000D9BA5 /* Main.storyboard in Resources */,
				F752AA441A4A17CB000D9BA5 /* LaunchScreen.xib in Resources */,
				F752AA411A4A17CB000D9BA5 /* Images.xcassets in Resources */,
				F78FC74C1A50AC99001A3564 /* superPong.png in Resources */,
			);
			runOnlyForDeploymentPostprocessing = 0;
		};
		F752AA471A4A17CB000D9BA5 /* Resources */ = {
			isa = PBXResourcesBuildPhase;
			buildActionMask = 2147483647;
			files = (
			);
			runOnlyForDeploymentPostprocessing = 0;
		};
/* End PBXResourcesBuildPhase section */

/* Begin PBXSourcesBuildPhase section */
		F752AA2E1A4A17CB000D9BA5 /* Sources */ = {
			isa = PBXSourcesBuildPhase;
			buildActionMask = 2147483647;
			files = (
				F78FC7461A50AC99001A3564 /* GameViewController.swift in Sources */,
				F752AA3C1A4A17CB000D9BA5 /* DetailViewController.swift in Sources */,
				F78FC7471A50AC99001A3564 /* PlayerDetailViewController.swift in Sources */,
				F78FC74D1A50AC99001A3564 /* SwiftyJSON.swift in Sources */,
				F7538C441A5BA87C004073D6 /* serializable.swift in Sources */,
				F752AA3A1A4A17CB000D9BA5 /* MasterViewController.swift in Sources */,
				F76994B81A5499A40023B21E /* GameModel.swift in Sources */,
				F752AA381A4A17CB000D9BA5 /* AppDelegate.swift in Sources */,
				F7538C411A5BA1B8004073D6 /* JSONer.swift in Sources */,
				F78FC74E1A50AC99001A3564 /* TableViewCell.swift in Sources */,
				F7F066701A50BB1A00782E61 /* GamePlayersAPI.swift in Sources */,
				F78FC7451A50AC99001A3564 /* DataManger.swift in Sources */,
				F7998D501A60E0C300AA0FFC /* PlayerGameModel.swift in Sources */,
				F7998D4D1A60DDA900AA0FFC /* PlayerGameViewController.swift in Sources */,
				F7538C3F1A59E2CA004073D6 /* Async.swift in Sources */,
				F78FC7481A50AC99001A3564 /* PlayerModel.swift in Sources */,
				F78FC74B1A50AC99001A3564 /* PlayerTableViewController.swift in Sources */,
				F7538C3D1A57BE14004073D6 /* Reachability.swift in Sources */,
			);
			runOnlyForDeploymentPostprocessing = 0;
		};
		F752AA451A4A17CB000D9BA5 /* Sources */ = {
			isa = PBXSourcesBuildPhase;
			buildActionMask = 2147483647;
			files = (
				F752AA501A4A17CB000D9BA5 /* superPongStatsTests.swift in Sources */,
			);
			runOnlyForDeploymentPostprocessing = 0;
		};
/* End PBXSourcesBuildPhase section */

/* Begin PBXTargetDependency section */
		F752AA4B1A4A17CB000D9BA5 /* PBXTargetDependency */ = {
			isa = PBXTargetDependency;
			target = F752AA311A4A17CB000D9BA5 /* superPongStats */;
			targetProxy = F752AA4A1A4A17CB000D9BA5 /* PBXContainerItemProxy */;
		};
		F7538C511A5C7851004073D6 /* PBXTargetDependency */ = {
			isa = PBXTargetDependency;
			name = Alamofire;
			targetProxy = F7538C501A5C7851004073D6 /* PBXContainerItemProxy */;
		};
/* End PBXTargetDependency section */

/* Begin PBXVariantGroup section */
		F752AA3D1A4A17CB000D9BA5 /* Main.storyboard */ = {
			isa = PBXVariantGroup;
			children = (
				F752AA3E1A4A17CB000D9BA5 /* Base */,
			);
			name = Main.storyboard;
			sourceTree = "<group>";
		};
		F752AA421A4A17CB000D9BA5 /* LaunchScreen.xib */ = {
			isa = PBXVariantGroup;
			children = (
				F752AA431A4A17CB000D9BA5 /* Base */,
			);
			name = LaunchScreen.xib;
			sourceTree = "<group>";
		};
/* End PBXVariantGroup section */

/* Begin XCBuildConfiguration section */
		F752AA511A4A17CB000D9BA5 /* Debug */ = {
			isa = XCBuildConfiguration;
			buildSettings = {
				ALWAYS_SEARCH_USER_PATHS = NO;
				CLANG_CXX_LANGUAGE_STANDARD = "gnu++0x";
				CLANG_CXX_LIBRARY = "libc++";
				CLANG_ENABLE_MODULES = YES;
				CLANG_ENABLE_OBJC_ARC = YES;
				CLANG_WARN_BOOL_CONVERSION = YES;
				CLANG_WARN_CONSTANT_CONVERSION = YES;
				CLANG_WARN_DIRECT_OBJC_ISA_USAGE = YES_ERROR;
				CLANG_WARN_EMPTY_BODY = YES;
				CLANG_WARN_ENUM_CONVERSION = YES;
				CLANG_WARN_INT_CONVERSION = YES;
				CLANG_WARN_OBJC_ROOT_CLASS = YES_ERROR;
				CLANG_WARN_UNREACHABLE_CODE = YES;
				CLANG_WARN__DUPLICATE_METHOD_MATCH = YES;
				"CODE_SIGN_IDENTITY[sdk=iphoneos*]" = "iPhone Developer";
				COPY_PHASE_STRIP = NO;
				ENABLE_STRICT_OBJC_MSGSEND = YES;
				GCC_C_LANGUAGE_STANDARD = gnu99;
				GCC_DYNAMIC_NO_PIC = NO;
				GCC_OPTIMIZATION_LEVEL = 0;
				GCC_PREPROCESSOR_DEFINITIONS = (
					"DEBUG=1",
					"$(inherited)",
				);
				GCC_SYMBOLS_PRIVATE_EXTERN = NO;
				GCC_WARN_64_TO_32_BIT_CONVERSION = YES;
				GCC_WARN_ABOUT_RETURN_TYPE = YES_ERROR;
				GCC_WARN_UNDECLARED_SELECTOR = YES;
				GCC_WARN_UNINITIALIZED_AUTOS = YES_AGGRESSIVE;
				GCC_WARN_UNUSED_FUNCTION = YES;
				GCC_WARN_UNUSED_VARIABLE = YES;
				IPHONEOS_DEPLOYMENT_TARGET = 8.1;
				MTL_ENABLE_DEBUG_INFO = YES;
				ONLY_ACTIVE_ARCH = YES;
				SDKROOT = iphoneos;
				SWIFT_OPTIMIZATION_LEVEL = "-Onone";
				TARGETED_DEVICE_FAMILY = "1,2";
			};
			name = Debug;
		};
		F752AA521A4A17CB000D9BA5 /* Release */ = {
			isa = XCBuildConfiguration;
			buildSettings = {
				ALWAYS_SEARCH_USER_PATHS = NO;
				CLANG_CXX_LANGUAGE_STANDARD = "gnu++0x";
				CLANG_CXX_LIBRARY = "libc++";
				CLANG_ENABLE_MODULES = YES;
				CLANG_ENABLE_OBJC_ARC = YES;
				CLANG_WARN_BOOL_CONVERSION = YES;
				CLANG_WARN_CONSTANT_CONVERSION = YES;
				CLANG_WARN_DIRECT_OBJC_ISA_USAGE = YES_ERROR;
				CLANG_WARN_EMPTY_BODY = YES;
				CLANG_WARN_ENUM_CONVERSION = YES;
				CLANG_WARN_INT_CONVERSION = YES;
				CLANG_WARN_OBJC_ROOT_CLASS = YES_ERROR;
				CLANG_WARN_UNREACHABLE_CODE = YES;
				CLANG_WARN__DUPLICATE_METHOD_MATCH = YES;
				"CODE_SIGN_IDENTITY[sdk=iphoneos*]" = "iPhone Developer";
				COPY_PHASE_STRIP = YES;
				ENABLE_NS_ASSERTIONS = NO;
				ENABLE_STRICT_OBJC_MSGSEND = YES;
				GCC_C_LANGUAGE_STANDARD = gnu99;
				GCC_WARN_64_TO_32_BIT_CONVERSION = YES;
				GCC_WARN_ABOUT_RETURN_TYPE = YES_ERROR;
				GCC_WARN_UNDECLARED_SELECTOR = YES;
				GCC_WARN_UNINITIALIZED_AUTOS = YES_AGGRESSIVE;
				GCC_WARN_UNUSED_FUNCTION = YES;
				GCC_WARN_UNUSED_VARIABLE = YES;
				IPHONEOS_DEPLOYMENT_TARGET = 8.1;
				MTL_ENABLE_DEBUG_INFO = NO;
				SDKROOT = iphoneos;
				TARGETED_DEVICE_FAMILY = "1,2";
				VALIDATE_PRODUCT = YES;
			};
			name = Release;
		};
		F752AA541A4A17CB000D9BA5 /* Debug */ = {
			isa = XCBuildConfiguration;
			buildSettings = {
				ASSETCATALOG_COMPILER_APPICON_NAME = AppIcon;
				CODE_SIGN_IDENTITY = "iPhone Developer";
				"CODE_SIGN_IDENTITY[sdk=iphoneos*]" = "iPhone Developer";
				INFOPLIST_FILE = superPongStats/Info.plist;
				LD_RUNPATH_SEARCH_PATHS = "$(inherited) @executable_path/Frameworks";
				PRODUCT_NAME = "$(TARGET_NAME)";
				PROVISIONING_PROFILE = "";
			};
			name = Debug;
		};
		F752AA551A4A17CB000D9BA5 /* Release */ = {
			isa = XCBuildConfiguration;
			buildSettings = {
				ASSETCATALOG_COMPILER_APPICON_NAME = AppIcon;
				CODE_SIGN_IDENTITY = "iPhone Developer";
				"CODE_SIGN_IDENTITY[sdk=iphoneos*]" = "iPhone Developer";
				INFOPLIST_FILE = superPongStats/Info.plist;
				LD_RUNPATH_SEARCH_PATHS = "$(inherited) @executable_path/Frameworks";
				PRODUCT_NAME = "$(TARGET_NAME)";
				PROVISIONING_PROFILE = "";
			};
			name = Release;
		};
		F752AA571A4A17CB000D9BA5 /* Debug */ = {
			isa = XCBuildConfiguration;
			buildSettings = {
				BUNDLE_LOADER = "$(TEST_HOST)";
				FRAMEWORK_SEARCH_PATHS = (
					"$(SDKROOT)/Developer/Library/Frameworks",
					"$(inherited)",
				);
				GCC_PREPROCESSOR_DEFINITIONS = (
					"DEBUG=1",
					"$(inherited)",
				);
				INFOPLIST_FILE = superPongStatsTests/Info.plist;
				LD_RUNPATH_SEARCH_PATHS = "$(inherited) @executable_path/Frameworks @loader_path/Frameworks";
				PRODUCT_NAME = "$(TARGET_NAME)";
				TEST_HOST = "$(BUILT_PRODUCTS_DIR)/superPongStats.app/superPongStats";
			};
			name = Debug;
		};
		F752AA581A4A17CB000D9BA5 /* Release */ = {
			isa = XCBuildConfiguration;
			buildSettings = {
				BUNDLE_LOADER = "$(TEST_HOST)";
				FRAMEWORK_SEARCH_PATHS = (
					"$(SDKROOT)/Developer/Library/Frameworks",
					"$(inherited)",
				);
				INFOPLIST_FILE = superPongStatsTests/Info.plist;
				LD_RUNPATH_SEARCH_PATHS = "$(inherited) @executable_path/Frameworks @loader_path/Frameworks";
				PRODUCT_NAME = "$(TARGET_NAME)";
				TEST_HOST = "$(BUILT_PRODUCTS_DIR)/superPongStats.app/superPongStats";
			};
			name = Release;
		};
/* End XCBuildConfiguration section */

/* Begin XCConfigurationList section */
		F752AA2D1A4A17CB000D9BA5 /* Build configuration list for PBXProject "superPongStats" */ = {
			isa = XCConfigurationList;
			buildConfigurations = (
				F752AA511A4A17CB000D9BA5 /* Debug */,
				F752AA521A4A17CB000D9BA5 /* Release */,
			);
			defaultConfigurationIsVisible = 0;
			defaultConfigurationName = Release;
		};
		F752AA531A4A17CB000D9BA5 /* Build configuration list for PBXNativeTarget "superPongStats" */ = {
			isa = XCConfigurationList;
			buildConfigurations = (
				F752AA541A4A17CB000D9BA5 /* Debug */,
				F752AA551A4A17CB000D9BA5 /* Release */,
			);
			defaultConfigurationIsVisible = 0;
			defaultConfigurationName = Release;
		};
		F752AA561A4A17CB000D9BA5 /* Build configuration list for PBXNativeTarget "superPongStatsTests" */ = {
			isa = XCConfigurationList;
			buildConfigurations = (
				F752AA571A4A17CB000D9BA5 /* Debug */,
				F752AA581A4A17CB000D9BA5 /* Release */,
			);
			defaultConfigurationIsVisible = 0;
			defaultConfigurationName = Release;
		};
/* End XCConfigurationList section */
	};
	rootObject = F752AA2A1A4A17CB000D9BA5 /* Project object */;
}
